
Microsoft Visual Studio Solution File, Format Version 12.00
# Visual Studio Version 17
VisualStudioVersion = 17.5.33627.172
MinimumVisualStudioVersion = 10.0.40219.1
Project("{FAE04EC0-301F-11D3-BF4B-00C04F79EFBC}") = "Mediator", "Mediator\Mediator.csproj", "{E936173D-B173-4CB9-BDE9-E3A5F9A5C3CE}"
EndProject
Global
	GlobalSection(SolutionConfigurationPlatforms) = preSolution
		Debug|Any CPU = Debug|Any CPU
		Release|Any CPU = Release|Any CPU
	EndGlobalSection
	GlobalSection(ProjectConfigurationPlatforms) = postSolution
		{E936173D-B173-4CB9-BDE9-E3A5F9A5C3CE}.Debug|Any CPU.ActiveCfg = Debug|Any CPU
		{E936173D-B173-4CB9-BDE9-E3A5F9A5C3CE}.Debug|Any CPU.Build.0 = Debug|Any CPU
		{E936173D-B173-4CB9-BDE9-E3A5F9A5C3CE}.Release|Any CPU.ActiveCfg = Release|Any CPU
		{E936173D-B173-4CB9-BDE9-E3A5F9A5C3CE}.Release|Any CPU.Build.0 = Release|Any CPU
	EndGlobalSection
	GlobalSection(SolutionProperties) = preSolution
		HideSolutionNode = FALSE
	EndGlobalSection
	GlobalSection(ExtensibilityGlobals) = postSolution
		SolutionGuid = {0D0DDAFF-5815-4223-ABF8-54E4DBF95466}
	EndGlobalSection
EndGlobal
